
Microsoft Visual Studio Solution File, Format Version 12.00
# Visual Studio Version 17
VisualStudioVersion = 17.7.34031.279
MinimumVisualStudioVersion = 10.0.40219.1
Project("{FAE04EC0-301F-11D3-BF4B-00C04F79EFBC}") = "Tik_tok_Spiel", "Tik_tok_Spiel\Tik_tok_Spiel.csproj", "{52A92A65-60E9-4511-A63A-3D11CBBE842C}"
EndProject
Global
	GlobalSection(SolutionConfigurationPlatforms) = preSolution
		Debug|Any CPU = Debug|Any CPU
		Release|Any CPU = Release|Any CPU
	EndGlobalSection
	GlobalSection(ProjectConfigurationPlatforms) = postSolution
		{52A92A65-60E9-4511-A63A-3D11CBBE842C}.Debug|Any CPU.ActiveCfg = Debug|Any CPU
		{52A92A65-60E9-4511-A63A-3D11CBBE842C}.Debug|Any CPU.Build.0 = Debug|Any CPU
		{52A92A65-60E9-4511-A63A-3D11CBBE842C}.Release|Any CPU.ActiveCfg = Release|Any CPU
		{52A92A65-60E9-4511-A63A-3D11CBBE842C}.Release|Any CPU.Build.0 = Release|Any CPU
	EndGlobalSection
	GlobalSection(SolutionProperties) = preSolution
		HideSolutionNode = FALSE
	EndGlobalSection
	GlobalSection(ExtensibilityGlobals) = postSolution
		SolutionGuid = {5730B67D-3382-47AA-882C-5F0CBE8006D3}
	EndGlobalSection
EndGlobal
